
Microsoft Visual Studio Solution File, Format Version 12.00
# Visual Studio Version 17
VisualStudioVersion = 17.5.2.0
MinimumVisualStudioVersion = 10.0.40219.1
Project("{2150E333-8FDC-42A3-9474-1A3956D46DE8}") = "Backend", "Backend", "{E147298C-9E97-45B2-8CE1-4BC0DF322E17}"
EndProject
Project("{9A19103F-16F7-4668-BE54-9A1E7A4F7556}") = "API", "Backend\API\API.csproj", "{13B7D645-9B52-4D2F-98B6-1ABCF4AB93FF}"
EndProject
Project("{FAE04EC0-301F-11D3-BF4B-00C04F79EFBC}") = "Application", "Backend\Application\Application.csproj", "{83EE48EA-E4F0-428B-8136-8DB77F1DC67A}"
EndProject
Global
	GlobalSection(SolutionConfigurationPlatforms) = preSolution
		Debug|Any CPU = Debug|Any CPU
		Debug|x64 = Debug|x64
		Debug|x86 = Debug|x86
		Release|Any CPU = Release|Any CPU
		Release|x64 = Release|x64
		Release|x86 = Release|x86
	EndGlobalSection
	GlobalSection(ProjectConfigurationPlatforms) = postSolution
		{13B7D645-9B52-4D2F-98B6-1ABCF4AB93FF}.Debug|Any CPU.ActiveCfg = Debug|Any CPU
		{13B7D645-9B52-4D2F-98B6-1ABCF4AB93FF}.Debug|Any CPU.Build.0 = Debug|Any CPU
		{13B7D645-9B52-4D2F-98B6-1ABCF4AB93FF}.Debug|x64.ActiveCfg = Debug|Any CPU
		{13B7D645-9B52-4D2F-98B6-1ABCF4AB93FF}.Debug|x64.Build.0 = Debug|Any CPU
		{13B7D645-9B52-4D2F-98B6-1ABCF4AB93FF}.Debug|x86.ActiveCfg = Debug|Any CPU
		{13B7D645-9B52-4D2F-98B6-1ABCF4AB93FF}.Debug|x86.Build.0 = Debug|Any CPU
		{13B7D645-9B52-4D2F-98B6-1ABCF4AB93FF}.Release|Any CPU.ActiveCfg = Release|Any CPU
		{13B7D645-9B52-4D2F-98B6-1ABCF4AB93FF}.Release|Any CPU.Build.0 = Release|Any CPU
		{13B7D645-9B52-4D2F-98B6-1ABCF4AB93FF}.Release|x64.ActiveCfg = Release|Any CPU
		{13B7D645-9B52-4D2F-98B6-1ABCF4AB93FF}.Release|x64.Build.0 = Release|Any CPU
		{13B7D645-9B52-4D2F-98B6-1ABCF4AB93FF}.Release|x86.ActiveCfg = Release|Any CPU
		{13B7D645-9B52-4D2F-98B6-1ABCF4AB93FF}.Release|x86.Build.0 = Release|Any CPU
		{83EE48EA-E4F0-428B-8136-8DB77F1DC67A}.Debug|Any CPU.ActiveCfg = Debug|Any CPU
		{83EE48EA-E4F0-428B-8136-8DB77F1DC67A}.Debug|Any CPU.Build.0 = Debug|Any CPU
		{83EE48EA-E4F0-428B-8136-8DB77F1DC67A}.Debug|x64.ActiveCfg = Debug|Any CPU
		{83EE48EA-E4F0-428B-8136-8DB77F1DC67A}.Debug|x64.Build.0 = Debug|Any CPU
		{83EE48EA-E4F0-428B-8136-8DB77F1DC67A}.Debug|x86.ActiveCfg = Debug|Any CPU
		{83EE48EA-E4F0-428B-8136-8DB77F1DC67A}.Debug|x86.Build.0 = Debug|Any CPU
		{83EE48EA-E4F0-428B-8136-8DB77F1DC67A}.Release|Any CPU.ActiveCfg = Release|Any CPU
		{83EE48EA-E4F0-428B-8136-8DB77F1DC67A}.Release|Any CPU.Build.0 = Release|Any CPU
		{83EE48EA-E4F0-428B-8136-8DB77F1DC67A}.Release|x64.ActiveCfg = Release|Any CPU
		{83EE48EA-E4F0-428B-8136-8DB77F1DC67A}.Release|x64.Build.0 = Release|Any CPU
		{83EE48EA-E4F0-428B-8136-8DB77F1DC67A}.Release|x86.ActiveCfg = Release|Any CPU
		{83EE48EA-E4F0-428B-8136-8DB77F1DC67A}.Release|x86.Build.0 = Release|Any CPU
	EndGlobalSection
	GlobalSection(SolutionProperties) = preSolution
		HideSolutionNode = FALSE
	EndGlobalSection
	GlobalSection(NestedProjects) = preSolution
		{13B7D645-9B52-4D2F-98B6-1ABCF4AB93FF} = {E147298C-9E97-45B2-8CE1-4BC0DF322E17}
		{83EE48EA-E4F0-428B-8136-8DB77F1DC67A} = {E147298C-9E97-45B2-8CE1-4BC0DF322E17}
	EndGlobalSection
	GlobalSection(ExtensibilityGlobals) = postSolution
		SolutionGuid = {E99764B2-AEB3-4225-AB04-88E24C39BD5C}
	EndGlobalSection
EndGlobal
